
Microsoft Visual Studio Solution File, Format Version 12.00
# Visual Studio 15
VisualStudioVersion = 15.0.28010.2036
MinimumVisualStudioVersion = 10.0.40219.1
Project("{2150E333-8FDC-42A3-9474-1A3956D46DE8}") = "Documentation", "Documentation", "{5CE0F088-6702-4171-8A0A-9117ABD4E8A4}"
	ProjectSection(SolutionItems) = preProject
		Info.txt = Info.txt
	EndProjectSection
EndProject
Project("{9A19103F-16F7-4668-BE54-9A1E7A4F7556}") = "Persistence", "Persistence\Persistence.csproj", "{B5914D5C-2C03-4A24-9B93-4001F38CEAAE}"
EndProject
Project("{9A19103F-16F7-4668-BE54-9A1E7A4F7556}") = "Persistence.Sqlite", "Persistence.Sqlite\Persistence.Sqlite.csproj", "{055D8A18-DA7A-405C-9F58-AAE42DD73193}"
EndProject
Project("{2150E333-8FDC-42A3-9474-1A3956D46DE8}") = "Executables", "Executables", "{65F292C3-16A2-4228-9248-78AA5581B5EC}"
EndProject
Project("{2150E333-8FDC-42A3-9474-1A3956D46DE8}") = "Persistence", "Persistence", "{8011307E-6472-42C4-B706-2004EE26CD9B}"
EndProject
Project("{FAE04EC0-301F-11D3-BF4B-00C04F79EFBC}") = "ConsoleApp1", "ConsoleApp1\ConsoleApp1.csproj", "{2D3308EC-38D9-47D8-AFB7-C2AA932763A4}"
EndProject
Global
	GlobalSection(SolutionConfigurationPlatforms) = preSolution
		Debug|Any CPU = Debug|Any CPU
		Release|Any CPU = Release|Any CPU
	EndGlobalSection
	GlobalSection(ProjectConfigurationPlatforms) = postSolution
		{B5914D5C-2C03-4A24-9B93-4001F38CEAAE}.Debug|Any CPU.ActiveCfg = Debug|Any CPU
		{B5914D5C-2C03-4A24-9B93-4001F38CEAAE}.Debug|Any CPU.Build.0 = Debug|Any CPU
		{B5914D5C-2C03-4A24-9B93-4001F38CEAAE}.Release|Any CPU.ActiveCfg = Release|Any CPU
		{B5914D5C-2C03-4A24-9B93-4001F38CEAAE}.Release|Any CPU.Build.0 = Release|Any CPU
		{055D8A18-DA7A-405C-9F58-AAE42DD73193}.Debug|Any CPU.ActiveCfg = Debug|Any CPU
		{055D8A18-DA7A-405C-9F58-AAE42DD73193}.Debug|Any CPU.Build.0 = Debug|Any CPU
		{055D8A18-DA7A-405C-9F58-AAE42DD73193}.Release|Any CPU.ActiveCfg = Release|Any CPU
		{055D8A18-DA7A-405C-9F58-AAE42DD73193}.Release|Any CPU.Build.0 = Release|Any CPU
		{2D3308EC-38D9-47D8-AFB7-C2AA932763A4}.Debug|Any CPU.ActiveCfg = Debug|Any CPU
		{2D3308EC-38D9-47D8-AFB7-C2AA932763A4}.Debug|Any CPU.Build.0 = Debug|Any CPU
		{2D3308EC-38D9-47D8-AFB7-C2AA932763A4}.Release|Any CPU.ActiveCfg = Release|Any CPU
		{2D3308EC-38D9-47D8-AFB7-C2AA932763A4}.Release|Any CPU.Build.0 = Release|Any CPU
	EndGlobalSection
	GlobalSection(SolutionProperties) = preSolution
		HideSolutionNode = FALSE
	EndGlobalSection
	GlobalSection(NestedProjects) = preSolution
		{B5914D5C-2C03-4A24-9B93-4001F38CEAAE} = {8011307E-6472-42C4-B706-2004EE26CD9B}
		{055D8A18-DA7A-405C-9F58-AAE42DD73193} = {8011307E-6472-42C4-B706-2004EE26CD9B}
		{2D3308EC-38D9-47D8-AFB7-C2AA932763A4} = {65F292C3-16A2-4228-9248-78AA5581B5EC}
	EndGlobalSection
	GlobalSection(ExtensibilityGlobals) = postSolution
		SolutionGuid = {5ECACB53-A9F9-498E-9AC1-4375C53AB84D}
	EndGlobalSection
EndGlobal
